
Microsoft Visual Studio Solution File, Format Version 12.00
# Visual Studio 2013
VisualStudioVersion = 12.0.40629.0
MinimumVisualStudioVersion = 10.0.40219.1
Project("{8BC9CEB8-8B4A-11D0-8D11-00A0C91BC942}") = "Test_Something", "Test_Something\Test_Something.vcxproj", "{FC2C1362-690E-4A72-81D4-734F6B57E3FE}"
EndProject
Project("{8BC9CEB8-8B4A-11D0-8D11-00A0C91BC942}") = "Lib_D-PSO", "Lib_D-PSO\Lib_D-PSO.vcxproj", "{0A2D695D-80B5-4878-BD5F-2833A8D37B84}"
EndProject
Project("{2150E333-8FDC-42A3-9474-1A3956D46DE8}") = "CPU-Code", "CPU-Code", "{BDAE1646-2129-4218-942B-33022292A5D7}"
EndProject
Project("{2150E333-8FDC-42A3-9474-1A3956D46DE8}") = "GPU-Code", "GPU-Code", "{4196F370-A810-449E-8C28-A26B2370C0ED}"
EndProject
Project("{8BC9CEB8-8B4A-11D0-8D11-00A0C91BC942}") = "Lib_D-PSO_CUDA", "Lib_D-PSO_CUDA\Lib_D-PSO_CUDA.vcxproj", "{EA867966-F858-4CC8-ADE9-B99DD5F3D3D3}"
EndProject
Project("{8BC9CEB8-8B4A-11D0-8D11-00A0C91BC942}") = "Test_CUDA", "Test_CUDA\Test_CUDA.vcxproj", "{1C2A75C6-8BEE-4B4F-8E12-ADE86844A004}"
EndProject
Project("{8BC9CEB8-8B4A-11D0-8D11-00A0C91BC942}") = "Display_Result", "Display_Result\Display_Result.vcxproj", "{8F45A69D-DAA7-44D7-97C2-00C0D5AE67A6}"
EndProject
Project("{8BC9CEB8-8B4A-11D0-8D11-00A0C91BC942}") = "Display_Result_Qt", "Display_Result_Qt\Display_Result_Qt.vcxproj", "{B12702AD-ABFB-343A-A199-8E24837244A3}"
EndProject
Global
	GlobalSection(SolutionConfigurationPlatforms) = preSolution
		Debug|x64 = Debug|x64
		Release|x64 = Release|x64
	EndGlobalSection
	GlobalSection(ProjectConfigurationPlatforms) = postSolution
		{FC2C1362-690E-4A72-81D4-734F6B57E3FE}.Debug|x64.ActiveCfg = Debug|x64
		{FC2C1362-690E-4A72-81D4-734F6B57E3FE}.Debug|x64.Build.0 = Debug|x64
		{FC2C1362-690E-4A72-81D4-734F6B57E3FE}.Release|x64.ActiveCfg = Release|x64
		{FC2C1362-690E-4A72-81D4-734F6B57E3FE}.Release|x64.Build.0 = Release|x64
		{0A2D695D-80B5-4878-BD5F-2833A8D37B84}.Debug|x64.ActiveCfg = Debug|x64
		{0A2D695D-80B5-4878-BD5F-2833A8D37B84}.Debug|x64.Build.0 = Debug|x64
		{0A2D695D-80B5-4878-BD5F-2833A8D37B84}.Release|x64.ActiveCfg = Release|x64
		{0A2D695D-80B5-4878-BD5F-2833A8D37B84}.Release|x64.Build.0 = Release|x64
		{EA867966-F858-4CC8-ADE9-B99DD5F3D3D3}.Debug|x64.ActiveCfg = Debug|x64
		{EA867966-F858-4CC8-ADE9-B99DD5F3D3D3}.Debug|x64.Build.0 = Debug|x64
		{EA867966-F858-4CC8-ADE9-B99DD5F3D3D3}.Release|x64.ActiveCfg = Release|x64
		{EA867966-F858-4CC8-ADE9-B99DD5F3D3D3}.Release|x64.Build.0 = Release|x64
		{1C2A75C6-8BEE-4B4F-8E12-ADE86844A004}.Debug|x64.ActiveCfg = Debug|x64
		{1C2A75C6-8BEE-4B4F-8E12-ADE86844A004}.Debug|x64.Build.0 = Debug|x64
		{1C2A75C6-8BEE-4B4F-8E12-ADE86844A004}.Release|x64.ActiveCfg = Release|x64
		{1C2A75C6-8BEE-4B4F-8E12-ADE86844A004}.Release|x64.Build.0 = Release|x64
		{8F45A69D-DAA7-44D7-97C2-00C0D5AE67A6}.Debug|x64.ActiveCfg = Debug|x64
		{8F45A69D-DAA7-44D7-97C2-00C0D5AE67A6}.Debug|x64.Build.0 = Debug|x64
		{8F45A69D-DAA7-44D7-97C2-00C0D5AE67A6}.Release|x64.ActiveCfg = Release|x64
		{8F45A69D-DAA7-44D7-97C2-00C0D5AE67A6}.Release|x64.Build.0 = Release|x64
		{B12702AD-ABFB-343A-A199-8E24837244A3}.Debug|x64.ActiveCfg = Debug|x64
		{B12702AD-ABFB-343A-A199-8E24837244A3}.Debug|x64.Build.0 = Debug|x64
		{B12702AD-ABFB-343A-A199-8E24837244A3}.Release|x64.ActiveCfg = Release|x64
		{B12702AD-ABFB-343A-A199-8E24837244A3}.Release|x64.Build.0 = Release|x64
	EndGlobalSection
	GlobalSection(SolutionProperties) = preSolution
		HideSolutionNode = FALSE
	EndGlobalSection
	GlobalSection(NestedProjects) = preSolution
		{FC2C1362-690E-4A72-81D4-734F6B57E3FE} = {BDAE1646-2129-4218-942B-33022292A5D7}
		{0A2D695D-80B5-4878-BD5F-2833A8D37B84} = {BDAE1646-2129-4218-942B-33022292A5D7}
		{EA867966-F858-4CC8-ADE9-B99DD5F3D3D3} = {4196F370-A810-449E-8C28-A26B2370C0ED}
		{1C2A75C6-8BEE-4B4F-8E12-ADE86844A004} = {4196F370-A810-449E-8C28-A26B2370C0ED}
		{8F45A69D-DAA7-44D7-97C2-00C0D5AE67A6} = {BDAE1646-2129-4218-942B-33022292A5D7}
		{B12702AD-ABFB-343A-A199-8E24837244A3} = {BDAE1646-2129-4218-942B-33022292A5D7}
	EndGlobalSection
EndGlobal
